
Microsoft Visual Studio Solution File, Format Version 12.00
# Visual Studio 15
VisualStudioVersion = 15.0.26430.16
MinimumVisualStudioVersion = 10.0.40219.1
Project("{FAE04EC0-301F-11D3-BF4B-00C04F79EFBC}") = "flashRom", "flashRom\flashRom.csproj", "{D90A01B4-2F12-4120-AF3D-C8C6CFAAE4EF}"
EndProject
Global
	GlobalSection(SolutionConfigurationPlatforms) = preSolution
		Debug|Any CPU = Debug|Any CPU
		Release|Any CPU = Release|Any CPU
	EndGlobalSection
	GlobalSection(ProjectConfigurationPlatforms) = postSolution
		{D90A01B4-2F12-4120-AF3D-C8C6CFAAE4EF}.Debug|Any CPU.ActiveCfg = Debug|Any CPU
		{D90A01B4-2F12-4120-AF3D-C8C6CFAAE4EF}.Debug|Any CPU.Build.0 = Debug|Any CPU
		{D90A01B4-2F12-4120-AF3D-C8C6CFAAE4EF}.Release|Any CPU.ActiveCfg = Release|Any CPU
		{D90A01B4-2F12-4120-AF3D-C8C6CFAAE4EF}.Release|Any CPU.Build.0 = Release|Any CPU
	EndGlobalSection
	GlobalSection(SolutionProperties) = preSolution
		HideSolutionNode = FALSE
	EndGlobalSection
EndGlobal
